
Microsoft Visual Studio Solution File, Format Version 12.00
# Visual Studio Version 16
VisualStudioVersion = 16.0.29324.140
MinimumVisualStudioVersion = 10.0.40219.1
Project("{FAE04EC0-301F-11D3-BF4B-00C04F79EFBC}") = "SmartHome.Android", "SmartHome\SmartHome.Android\SmartHome.Android.csproj", "{B1DC6B81-6CD8-4AA4-B7B8-5288F4541012}"
EndProject
Project("{FAE04EC0-301F-11D3-BF4B-00C04F79EFBC}") = "SmartHome.iOS", "SmartHome\SmartHome.iOS\SmartHome.iOS.csproj", "{C2D6BE8B-EA2D-4D8B-94C6-FD5716DEE590}"
EndProject
Project("{FAE04EC0-301F-11D3-BF4B-00C04F79EFBC}") = "SmartHome", "SmartHome\SmartHome\SmartHome.csproj", "{FBB10376-C28B-4E1B-A0D2-28CD02019CBE}"
EndProject
Global
	GlobalSection(SolutionConfigurationPlatforms) = preSolution
		Debug|Any CPU = Debug|Any CPU
		Debug|iPhone = Debug|iPhone
		Debug|iPhoneSimulator = Debug|iPhoneSimulator
		Release|Any CPU = Release|Any CPU
		Release|iPhone = Release|iPhone
		Release|iPhoneSimulator = Release|iPhoneSimulator
	EndGlobalSection
	GlobalSection(ProjectConfigurationPlatforms) = postSolution
		{B1DC6B81-6CD8-4AA4-B7B8-5288F4541012}.Debug|Any CPU.ActiveCfg = Debug|Any CPU
		{B1DC6B81-6CD8-4AA4-B7B8-5288F4541012}.Debug|Any CPU.Build.0 = Debug|Any CPU
		{B1DC6B81-6CD8-4AA4-B7B8-5288F4541012}.Debug|Any CPU.Deploy.0 = Debug|Any CPU
		{B1DC6B81-6CD8-4AA4-B7B8-5288F4541012}.Debug|iPhone.ActiveCfg = Debug|Any CPU
		{B1DC6B81-6CD8-4AA4-B7B8-5288F4541012}.Debug|iPhone.Build.0 = Debug|Any CPU
		{B1DC6B81-6CD8-4AA4-B7B8-5288F4541012}.Debug|iPhone.Deploy.0 = Debug|Any CPU
		{B1DC6B81-6CD8-4AA4-B7B8-5288F4541012}.Debug|iPhoneSimulator.ActiveCfg = Debug|Any CPU
		{B1DC6B81-6CD8-4AA4-B7B8-5288F4541012}.Debug|iPhoneSimulator.Build.0 = Debug|Any CPU
		{B1DC6B81-6CD8-4AA4-B7B8-5288F4541012}.Debug|iPhoneSimulator.Deploy.0 = Debug|Any CPU
		{B1DC6B81-6CD8-4AA4-B7B8-5288F4541012}.Release|Any CPU.ActiveCfg = Release|Any CPU
		{B1DC6B81-6CD8-4AA4-B7B8-5288F4541012}.Release|Any CPU.Build.0 = Release|Any CPU
		{B1DC6B81-6CD8-4AA4-B7B8-5288F4541012}.Release|Any CPU.Deploy.0 = Release|Any CPU
		{B1DC6B81-6CD8-4AA4-B7B8-5288F4541012}.Release|iPhone.ActiveCfg = Release|Any CPU
		{B1DC6B81-6CD8-4AA4-B7B8-5288F4541012}.Release|iPhone.Build.0 = Release|Any CPU
		{B1DC6B81-6CD8-4AA4-B7B8-5288F4541012}.Release|iPhone.Deploy.0 = Release|Any CPU
		{B1DC6B81-6CD8-4AA4-B7B8-5288F4541012}.Release|iPhoneSimulator.ActiveCfg = Release|Any CPU
		{B1DC6B81-6CD8-4AA4-B7B8-5288F4541012}.Release|iPhoneSimulator.Build.0 = Release|Any CPU
		{B1DC6B81-6CD8-4AA4-B7B8-5288F4541012}.Release|iPhoneSimulator.Deploy.0 = Release|Any CPU
		{C2D6BE8B-EA2D-4D8B-94C6-FD5716DEE590}.Debug|Any CPU.ActiveCfg = Debug|iPhoneSimulator
		{C2D6BE8B-EA2D-4D8B-94C6-FD5716DEE590}.Debug|Any CPU.Build.0 = Debug|iPhoneSimulator
		{C2D6BE8B-EA2D-4D8B-94C6-FD5716DEE590}.Debug|Any CPU.Deploy.0 = Debug|iPhoneSimulator
		{C2D6BE8B-EA2D-4D8B-94C6-FD5716DEE590}.Debug|iPhone.ActiveCfg = Debug|iPhone
		{C2D6BE8B-EA2D-4D8B-94C6-FD5716DEE590}.Debug|iPhone.Build.0 = Debug|iPhone
		{C2D6BE8B-EA2D-4D8B-94C6-FD5716DEE590}.Debug|iPhone.Deploy.0 = Debug|iPhone
		{C2D6BE8B-EA2D-4D8B-94C6-FD5716DEE590}.Debug|iPhoneSimulator.ActiveCfg = Debug|iPhoneSimulator
		{C2D6BE8B-EA2D-4D8B-94C6-FD5716DEE590}.Debug|iPhoneSimulator.Build.0 = Debug|iPhoneSimulator
		{C2D6BE8B-EA2D-4D8B-94C6-FD5716DEE590}.Debug|iPhoneSimulator.Deploy.0 = Debug|iPhoneSimulator
		{C2D6BE8B-EA2D-4D8B-94C6-FD5716DEE590}.Release|Any CPU.ActiveCfg = Release|iPhone
		{C2D6BE8B-EA2D-4D8B-94C6-FD5716DEE590}.Release|Any CPU.Build.0 = Release|iPhone
		{C2D6BE8B-EA2D-4D8B-94C6-FD5716DEE590}.Release|Any CPU.Deploy.0 = Release|iPhone
		{C2D6BE8B-EA2D-4D8B-94C6-FD5716DEE590}.Release|iPhone.ActiveCfg = Release|iPhone
		{C2D6BE8B-EA2D-4D8B-94C6-FD5716DEE590}.Release|iPhone.Build.0 = Release|iPhone
		{C2D6BE8B-EA2D-4D8B-94C6-FD5716DEE590}.Release|iPhone.Deploy.0 = Release|iPhone
		{C2D6BE8B-EA2D-4D8B-94C6-FD5716DEE590}.Release|iPhoneSimulator.ActiveCfg = Release|iPhoneSimulator
		{C2D6BE8B-EA2D-4D8B-94C6-FD5716DEE590}.Release|iPhoneSimulator.Build.0 = Release|iPhoneSimulator
		{C2D6BE8B-EA2D-4D8B-94C6-FD5716DEE590}.Release|iPhoneSimulator.Deploy.0 = Release|iPhoneSimulator
		{FBB10376-C28B-4E1B-A0D2-28CD02019CBE}.Debug|Any CPU.ActiveCfg = Debug|Any CPU
		{FBB10376-C28B-4E1B-A0D2-28CD02019CBE}.Debug|Any CPU.Build.0 = Debug|Any CPU
		{FBB10376-C28B-4E1B-A0D2-28CD02019CBE}.Debug|Any CPU.Deploy.0 = Debug|Any CPU
		{FBB10376-C28B-4E1B-A0D2-28CD02019CBE}.Debug|iPhone.ActiveCfg = Debug|Any CPU
		{FBB10376-C28B-4E1B-A0D2-28CD02019CBE}.Debug|iPhone.Build.0 = Debug|Any CPU
		{FBB10376-C28B-4E1B-A0D2-28CD02019CBE}.Debug|iPhone.Deploy.0 = Debug|Any CPU
		{FBB10376-C28B-4E1B-A0D2-28CD02019CBE}.Debug|iPhoneSimulator.ActiveCfg = Debug|Any CPU
		{FBB10376-C28B-4E1B-A0D2-28CD02019CBE}.Debug|iPhoneSimulator.Build.0 = Debug|Any CPU
		{FBB10376-C28B-4E1B-A0D2-28CD02019CBE}.Debug|iPhoneSimulator.Deploy.0 = Debug|Any CPU
		{FBB10376-C28B-4E1B-A0D2-28CD02019CBE}.Release|Any CPU.ActiveCfg = Release|Any CPU
		{FBB10376-C28B-4E1B-A0D2-28CD02019CBE}.Release|Any CPU.Build.0 = Release|Any CPU
		{FBB10376-C28B-4E1B-A0D2-28CD02019CBE}.Release|Any CPU.Deploy.0 = Release|Any CPU
		{FBB10376-C28B-4E1B-A0D2-28CD02019CBE}.Release|iPhone.ActiveCfg = Release|Any CPU
		{FBB10376-C28B-4E1B-A0D2-28CD02019CBE}.Release|iPhone.Build.0 = Release|Any CPU
		{FBB10376-C28B-4E1B-A0D2-28CD02019CBE}.Release|iPhone.Deploy.0 = Release|Any CPU
		{FBB10376-C28B-4E1B-A0D2-28CD02019CBE}.Release|iPhoneSimulator.ActiveCfg = Release|Any CPU
		{FBB10376-C28B-4E1B-A0D2-28CD02019CBE}.Release|iPhoneSimulator.Build.0 = Release|Any CPU
		{FBB10376-C28B-4E1B-A0D2-28CD02019CBE}.Release|iPhoneSimulator.Deploy.0 = Release|Any CPU
	EndGlobalSection
	GlobalSection(SolutionProperties) = preSolution
		HideSolutionNode = FALSE
	EndGlobalSection
	GlobalSection(ExtensibilityGlobals) = postSolution
		SolutionGuid = {D2F033EB-C88A-46BA-B2DD-FD8AB7CE7D49}
	EndGlobalSection
EndGlobal
